
Microsoft Visual Studio Solution File, Format Version 12.00
# Visual Studio 2013
VisualStudioVersion = 12.0.21005.1
MinimumVisualStudioVersion = 10.0.40219.1
Project("{8BC9CEB8-8B4A-11D0-8D11-00A0C91BC942}") = "topproject", "topproject\topproject.vcxproj", "{597E1475-E66A-46A8-83E6-4FB9DF2A2ED0}"
	ProjectSection(ProjectDependencies) = postProject
		{BD59CDE7-C20B-4AD6-80BB-03FECBADE4B1} = {BD59CDE7-C20B-4AD6-80BB-03FECBADE4B1}
	EndProjectSection
EndProject
Project("{8BC9CEB8-8B4A-11D0-8D11-00A0C91BC942}") = "Library", "Library\Library.vcxproj", "{BD59CDE7-C20B-4AD6-80BB-03FECBADE4B1}"
EndProject
Project("{8BC9CEB8-8B4A-11D0-8D11-00A0C91BC942}") = "googletest", "googletest\googletest.vcxproj", "{87B0BA1C-5DEB-4554-B3A2-FBE1E4D7CDFB}"
EndProject
Project("{8BC9CEB8-8B4A-11D0-8D11-00A0C91BC942}") = "testLibrary", "testLibrary\testLibrary.vcxproj", "{C5DAF96D-65E4-42B5-A399-9B43CCC2BC6B}"
EndProject
Global
	GlobalSection(SolutionConfigurationPlatforms) = preSolution
		Debug|Win32 = Debug|Win32
		Release|Win32 = Release|Win32
	EndGlobalSection
	GlobalSection(ProjectConfigurationPlatforms) = postSolution
		{597E1475-E66A-46A8-83E6-4FB9DF2A2ED0}.Debug|Win32.ActiveCfg = Debug|Win32
		{597E1475-E66A-46A8-83E6-4FB9DF2A2ED0}.Debug|Win32.Build.0 = Debug|Win32
		{597E1475-E66A-46A8-83E6-4FB9DF2A2ED0}.Release|Win32.ActiveCfg = Release|Win32
		{597E1475-E66A-46A8-83E6-4FB9DF2A2ED0}.Release|Win32.Build.0 = Release|Win32
		{BD59CDE7-C20B-4AD6-80BB-03FECBADE4B1}.Debug|Win32.ActiveCfg = Debug|Win32
		{BD59CDE7-C20B-4AD6-80BB-03FECBADE4B1}.Debug|Win32.Build.0 = Debug|Win32
		{BD59CDE7-C20B-4AD6-80BB-03FECBADE4B1}.Release|Win32.ActiveCfg = Release|Win32
		{BD59CDE7-C20B-4AD6-80BB-03FECBADE4B1}.Release|Win32.Build.0 = Release|Win32
		{87B0BA1C-5DEB-4554-B3A2-FBE1E4D7CDFB}.Debug|Win32.ActiveCfg = Debug|Win32
		{87B0BA1C-5DEB-4554-B3A2-FBE1E4D7CDFB}.Debug|Win32.Build.0 = Debug|Win32
		{87B0BA1C-5DEB-4554-B3A2-FBE1E4D7CDFB}.Release|Win32.ActiveCfg = Release|Win32
		{87B0BA1C-5DEB-4554-B3A2-FBE1E4D7CDFB}.Release|Win32.Build.0 = Release|Win32
		{C5DAF96D-65E4-42B5-A399-9B43CCC2BC6B}.Debug|Win32.ActiveCfg = Debug|Win32
		{C5DAF96D-65E4-42B5-A399-9B43CCC2BC6B}.Debug|Win32.Build.0 = Debug|Win32
		{C5DAF96D-65E4-42B5-A399-9B43CCC2BC6B}.Release|Win32.ActiveCfg = Release|Win32
		{C5DAF96D-65E4-42B5-A399-9B43CCC2BC6B}.Release|Win32.Build.0 = Release|Win32
	EndGlobalSection
	GlobalSection(SolutionProperties) = preSolution
		HideSolutionNode = FALSE
	EndGlobalSection
EndGlobal
